# THIS IS AN AUTOGENERATED FILE. DO NOT EDIT THIS FILE DIRECTLY.
# yarn lockfile v1


"@firebase/auth@^1.1.0":
  version "1.1.0"
  resolved "https://registry.yarnpkg.com/@firebase/auth/-/auth-1.1.0.tgz#106cad08f977245e641642ac9b7c3a2dae46400d"
  integrity sha512-5RJQMXG0p/tSvtqpfM8jA+heELjVCgHHASq3F7NglAa/CWUGCAE4g2F4YDPW5stDkvtKKRez0WYAWnbcuQ5P4w==
  dependencies:
    "@firebase/component" "0.6.4"
    "@firebase/logger" "0.4.0"
    "@firebase/util" "1.9.3"
    "@react-native-async-storage/async-storage" "^1.18.1"
    node-fetch "2.6.7"
    tslib "^2.1.0"

"@firebase/component@0.6.4":
  version "0.6.4"
  resolved "https://registry.yarnpkg.com/@firebase/component/-/component-0.6.4.tgz#8981a6818bd730a7554aa5e0516ffc9b1ae3f33d"
  integrity sha512-rLMyrXuO9jcAUCaQXCMjCMUsWrba5fzHlNK24xz5j2W6A/SRmK8mZJ/hn7V0fViLbxC0lPMtrK1eYzk6Fg03jA==
  dependencies:
    "@firebase/util" "1.9.3"
    tslib "^2.1.0"

"@firebase/logger@0.4.0":
  version "0.4.0"
  resolved "https://registry.yarnpkg.com/@firebase/logger/-/logger-0.4.0.tgz#15ecc03c452525f9d47318ad9491b81d1810f113"
  integrity sha512-eRKSeykumZ5+cJPdxxJRgAC3G5NknY2GwEbKfymdnXtnT0Ucm4pspfR6GT4MUQEDuJwRVbVcSx85kgJulMoFFA==
  dependencies:
    tslib "^2.1.0"

"@firebase/util@1.9.3":
  version "1.9.3"
  resolved "https://registry.yarnpkg.com/@firebase/util/-/util-1.9.3.tgz#45458dd5cd02d90e55c656e84adf6f3decf4b7ed"
  integrity sha512-DY02CRhOZwpzO36fHpuVysz6JZrscPiBXD0fXp6qSrL9oNOx5KWICKdR95C0lSITzxp0TZosVyHqzatE8JbcjA==
  dependencies:
    tslib "^2.1.0"

"@react-native-async-storage/async-storage@^1.18.1":
  version "1.19.1"
  resolved "https://registry.yarnpkg.com/@react-native-async-storage/async-storage/-/async-storage-1.19.1.tgz#09d35caaa31823b40fdfeebf95decf8f992a6274"
  integrity sha512-5QXuGCtB+HL3VtKL2JN3+6t4qh8VXizK+aGDAv6Dqiq3MLrzgZHb4tjVgtEWMd8CcDtD/JqaAI1b6/EaYGtFIA==
  dependencies:
    merge-options "^3.0.4"

is-plain-obj@^2.1.0:
  version "2.1.0"
  resolved "https://registry.yarnpkg.com/is-plain-obj/-/is-plain-obj-2.1.0.tgz#45e42e37fccf1f40da8e5f76ee21515840c09287"
  integrity sha512-YWnfyRwxL/+SsrWYfOpUtz5b3YD+nyfkHvjbcanzk8zgyO4ASD67uVMRt8k5bM4lLMDnXfriRhOpemw+NfT1eA==

merge-options@^3.0.4:
  version "3.0.4"
  resolved "https://registry.yarnpkg.com/merge-options/-/merge-options-3.0.4.tgz#84709c2aa2a4b24c1981f66c179fe5565cc6dbb7"
  integrity sha512-2Sug1+knBjkaMsMgf1ctR1Ujx+Ayku4EdJN4Z+C2+JzoeF7A3OZ9KM2GY0CpQS51NR61LTurMJrRKPhSs3ZRTQ==
  dependencies:
    is-plain-obj "^2.1.0"

node-fetch@2.6.7:
  version "2.6.7"
  resolved "https://registry.yarnpkg.com/node-fetch/-/node-fetch-2.6.7.tgz#24de9fba827e3b4ae44dc8b20256a379160052ad"
  integrity sha512-ZjMPFEfVx5j+y2yF35Kzx5sF7kDzxuDj6ziH4FFbOp87zKDZNx8yExJIb05OGF4Nlt9IHFIMBkRl41VdvcNdbQ==
  dependencies:
    whatwg-url "^5.0.0"

prettier@^3.0.0:
  version "3.0.0"
  resolved "https://registry.yarnpkg.com/prettier/-/prettier-3.0.0.tgz#e7b19f691245a21d618c68bc54dc06122f6105ae"
  integrity sha512-zBf5eHpwHOGPC47h0zrPyNn+eAEIdEzfywMoYn2XPi0P44Zp0tSq64rq0xAREh4auw2cJZHo9QUob+NqCQky4g==

tr46@~0.0.3:
  version "0.0.3"
  resolved "https://registry.yarnpkg.com/tr46/-/tr46-0.0.3.tgz#8184fd347dac9cdc185992f3a6622e14b9d9ab6a"
  integrity sha512-N3WMsuqV66lT30CrXNbEjx4GEwlow3v6rr4mCcv6prnfwhS01rkgyFdjPNBYd9br7LpXV1+Emh01fHnq2Gdgrw==

tslib@^2.1.0:
  version "2.6.1"
  resolved "https://registry.yarnpkg.com/tslib/-/tslib-2.6.1.tgz#fd8c9a0ff42590b25703c0acb3de3d3f4ede0410"
  integrity sha512-t0hLfiEKfMUoqhG+U1oid7Pva4bbDPHYfJNiB7BiIjRkj1pyC++4N3huJfqY6aRH6VTB0rvtzQwjM4K6qpfOig==

webidl-conversions@^3.0.0:
  version "3.0.1"
  resolved "https://registry.yarnpkg.com/webidl-conversions/-/webidl-conversions-3.0.1.tgz#24534275e2a7bc6be7bc86611cc16ae0a5654871"
  integrity sha512-2JAn3z8AR6rjK8Sm8orRC0h/bcl/DqL7tRPdGZ4I1CjdF+EaMLmYxBHyXuKL849eucPFhvBoxMsflfOb8kxaeQ==

whatwg-url@^5.0.0:
  version "5.0.0"
  resolved "https://registry.yarnpkg.com/whatwg-url/-/whatwg-url-5.0.0.tgz#966454e8765462e37644d3626f6742ce8b70965d"
  integrity sha512-saE57nupxk6v3HY35+jzBwYa0rKSy0XR8JSxZPwgLr7ys0IBzhGviA1/TUGJLmSVqs8pb9AnvICXEuOHLprYTw==
  dependencies:
    tr46 "~0.0.3"
    webidl-conversions "^3.0.0"
